{
  "requires": true,
  "lockfileVersion": 1,
  "dependencies": {
    "lodash.findindex": {
      "version": "4.6.0",
      "resolved": "https://registry.npmjs.org/lodash.findindex/-/lodash.findindex-4.6.0.tgz",
      "integrity": "sha1-oyRd7mH7m24GJLU1ElYku2nBEQY="
    },
    "lodash.findlastindex": {
      "version": "4.6.0",
      "resolved": "https://registry.npmjs.org/lodash.findlastindex/-/lodash.findlastindex-4.6.0.tgz",
      "integrity": "sha1-uDdawPAum5Jjdc343D6oFKv5xqw="
    }
  }
}
